// !$*UTF8*$!
{
	archiveVersion = 1;
	classes = {
	};
	objectVersion = 56;
	objects = {

/* Begin PBXBuildFile section */
		334C42A5B839654CCBC14ACF /* Models.swift in Sources */ = {isa = PBXBuildFile; fileRef = 4F4F48ABA5AD5A9438964E6B /* Models.swift */; };
		36514899A24799F98ADE913C /* TimingControlsView.swift in Sources */ = {isa = PBXBuildFile; fileRef = 4D0844CFBD4E1BACC19E81AC /* TimingControlsView.swift */; };
		5A25437D9A0BBC0AC8856EE5 /* FormationFlowApp.swift in Sources */ = {isa = PBXBuildFile; fileRef = 21E94990B494F1D3D617A4E7 /* FormationFlowApp.swift */; };
		93064509B038206204B9459D /* FloorGridView.swift in Sources */ = {isa = PBXBuildFile; fileRef = EFC34761911C80E5631C8341 /* FloorGridView.swift */; };
		A1B2C3D4E5F6A7B8C9D0E1F2 /* FormationHomeView.swift in Sources */ = {isa = PBXBuildFile; fileRef = B2C3D4E5F6A7B8C9D0E1F2A3 /* FormationHomeView.swift */; };
		DCC44D02B9685B8277F4D198 /* FloorCanvasView.swift in Sources */ = {isa = PBXBuildFile; fileRef = 303A4352BC4FD6FB758B338C /* FloorCanvasView.swift */; };
		F2404D8798687C821CBF4F7C /* TransitionViews.swift in Sources */ = {isa = PBXBuildFile; fileRef = 22EB4E82B510B78E55C92084 /* TransitionViews.swift */; };
		F4094C4FBEC63EB6C48960EB /* AthleteDetailPanel.swift in Sources */ = {isa = PBXBuildFile; fileRef = 4FD34039AE5F73A96066C39B /* AthleteDetailPanel.swift */; };
/* End PBXBuildFile section */

/* Begin PBXFileReference section */
		1F08C9AC2F57AAC400425930 /* Assets.xcassets */ = {isa = PBXFileReference; lastKnownFileType = folder.assetcatalog; name = Assets.xcassets; path = FormationFlow/Assets.xcassets; sourceTree = SOURCE_ROOT; };
		1F08C9AD2F57AAED00425930 /* Info.plist */ = {isa = PBXFileReference; lastKnownFileType = text.plist.xml; name = Info.plist; path = FormationFlow/Info.plist; sourceTree = SOURCE_ROOT; };
		1FEE788C2F3E5E9900012373 /* FormationFlow.app */ = {isa = PBXFileReference; explicitFileType = wrapper.application; includeInIndex = 0; path = FormationFlow.app; sourceTree = BUILT_PRODUCTS_DIR; };
		1FEE78912F3E5EB100012373 /* Base */ = {isa = PBXFileReference; lastKnownFileType = file.storyboard; name = Base; path = Base.lproj/LaunchScreen.storyboard; sourceTree = "<group>"; };
		21E94990B494F1D3D617A4E7 /* FormationFlowApp.swift */ = {isa = PBXFileReference; lastKnownFileType = sourcecode.swift; name = FormationFlowApp.swift; path = FormationFlow/FormationFlowApp.swift; sourceTree = SOURCE_ROOT; };
		22EB4E82B510B78E55C92084 /* TransitionViews.swift */ = {isa = PBXFileReference; lastKnownFileType = sourcecode.swift; name = TransitionViews.swift; path = FormationFlow/TransitionViews.swift; sourceTree = SOURCE_ROOT; };
		303A4352BC4FD6FB758B338C /* FloorCanvasView.swift */ = {isa = PBXFileReference; lastKnownFileType = sourcecode.swift; name = FloorCanvasView.swift; path = FormationFlow/FloorCanvasView.swift; sourceTree = SOURCE_ROOT; };
		4D0844CFBD4E1BACC19E81AC /* TimingControlsView.swift */ = {isa = PBXFileReference; lastKnownFileType = sourcecode.swift; name = TimingControlsView.swift; path = FormationFlow/TimingControlsView.swift; sourceTree = SOURCE_ROOT; };
		4F4F48ABA5AD5A9438964E6B /* Models.swift */ = {isa = PBXFileReference; lastKnownFileType = sourcecode.swift; name = Models.swift; path = FormationFlow/Models.swift; sourceTree = SOURCE_ROOT; };
		4FD34039AE5F73A96066C39B /* AthleteDetailPanel.swift */ = {isa = PBXFileReference; lastKnownFileType = sourcecode.swift; name = AthleteDetailPanel.swift; path = FormationFlow/AthleteDetailPanel.swift; sourceTree = SOURCE_ROOT; };
		B2C3D4E5F6A7B8C9D0E1F2A3 /* FormationHomeView.swift */ = {isa = PBXFileReference; lastKnownFileType = sourcecode.swift; name = FormationHomeView.swift; path = FormationFlow/FormationHomeView.swift; sourceTree = SOURCE_ROOT; };
		EFC34761911C80E5631C8341 /* FloorGridView.swift */ = {isa = PBXFileReference; lastKnownFileType = sourcecode.swift; name = FloorGridView.swift; path = FormationFlow/FloorGridView.swift; sourceTree = SOURCE_ROOT; };
/* End PBXFileReference section */

/* Begin PBXGroup section */
		1FEE788B2F3E5E9900012373 /* /Users/ianrichardson/Projects/formation-flow/FormationFlow.xcodeproj */ = {
			isa = PBXGroup;
			children = (
				1FEE78952F3E5EB100012373 /* FormationFlow */,
				1FEE788D2F3E5E9900012373 /* Products */,
			);
			path = "/Users/ianrichardson/Projects/formation-flow/FormationFlow.xcodeproj";
			sourceTree = "<absolute>";
		};
		1FEE788D2F3E5E9900012373 /* Products */ = {
			isa = PBXGroup;
			children = (
				1FEE788C2F3E5E9900012373 /* FormationFlow.app */,
			);
			name = Products;
			sourceTree = "<group>";
		};
		1FEE78952F3E5EB100012373 /* FormationFlow */ = {
			isa = PBXGroup;
			children = (
				1F08C9AC2F57AAC400425930 /* Assets.xcassets */,
				1F08C9AD2F57AAED00425930 /* Info.plist */,
				1FEE78922F3E5EB100012373 /* LaunchScreen.storyboard */,
				B2C3D4E5F6A7B8C9D0E1F2A3 /* FormationHomeView.swift */,
				303A4352BC4FD6FB758B338C /* FloorCanvasView.swift */,
				EFC34761911C80E5631C8341 /* FloorGridView.swift */,
				22EB4E82B510B78E55C92084 /* TransitionViews.swift */,
				4D0844CFBD4E1BACC19E81AC /* TimingControlsView.swift */,
				4FD34039AE5F73A96066C39B /* AthleteDetailPanel.swift */,
				4F4F48ABA5AD5A9438964E6B /* Models.swift */,
				21E94990B494F1D3D617A4E7 /* FormationFlowApp.swift */,
			);
			path = FormationFlow;
			sourceTree = "<group>";
		};
/* End PBXGroup section */

/* Begin PBXNativeTarget section */
		0F1A1A3A1A1A1A1A1A1A1A3A /* FormationFlow */ = {
			isa = PBXNativeTarget;
			buildConfigurationList = 0F1A1A4A1A1A1A1A1A1A1A4A /* Build configuration list for PBXNativeTarget "FormationFlow" */;
			buildPhases = (
				0F1A1A5A1A1A1A1A1A1A1A5A /* Sources */,
			);
			buildRules = (
			);
			dependencies = (
			);
			name = FormationFlow;
			productName = FormationFlow;
			productReference = 1FEE788C2F3E5E9900012373 /* FormationFlow.app */;
			productType = "com.apple.product-type.application";
		};
/* End PBXNativeTarget section */

/* Begin PBXProject section */
		0F1A1A8A1A1A1A1A1A1A1A8A /* Project object */ = {
			isa = PBXProject;
			attributes = {
				BuildIndependentTargetsInParallel = 1;
				LastUpgradeCheck = 2620;
			};
			buildConfigurationList = 0F1A1A9A1A1A1A1A1A1A1A9A /* Build configuration list for PBXProject "FormationFlow" */;
			compatibilityVersion = "Xcode 14.0";
			developmentRegion = en;
			hasScannedForEncodings = 0;
			knownRegions = (
				en,
				Base,
			);
			mainGroup = 1FEE788B2F3E5E9900012373 /* /Users/ianrichardson/Projects/formation-flow/FormationFlow.xcodeproj */;
			productRefGroup = 1FEE788D2F3E5E9900012373 /* Products */;
			projectDirPath = "";
			projectRoot = "";
			targets = (
				0F1A1A3A1A1A1A1A1A1A1A3A /* FormationFlow */,
			);
		};
/* End PBXProject section */

/* Begin PBXSourcesBuildPhase section */
		0F1A1A5A1A1A1A1A1A1A1A5A /* Sources */ = {
			isa = PBXSourcesBuildPhase;
			buildActionMask = 2147483647;
			files = (
				DCC44D02B9685B8277F4D198 /* FloorCanvasView.swift in Sources */,
				93064509B038206204B9459D /* FloorGridView.swift in Sources */,
				A1B2C3D4E5F6A7B8C9D0E1F2 /* FormationHomeView.swift in Sources */,
				F2404D8798687C821CBF4F7C /* TransitionViews.swift in Sources */,
				36514899A24799F98ADE913C /* TimingControlsView.swift in Sources */,
				F4094C4FBEC63EB6C48960EB /* AthleteDetailPanel.swift in Sources */,
				334C42A5B839654CCBC14ACF /* Models.swift in Sources */,
				5A25437D9A0BBC0AC8856EE5 /* FormationFlowApp.swift in Sources */,
			);
			runOnlyForDeploymentPostprocessing = 0;
		};
/* End PBXSourcesBuildPhase section */

/* Begin PBXVariantGroup section */
		1FEE78922F3E5EB100012373 /* LaunchScreen.storyboard */ = {
			isa = PBXVariantGroup;
			children = (
				1FEE78912F3E5EB100012373 /* Base */,
			);
			name = LaunchScreen.storyboard;
			sourceTree = "<group>";
		};
/* End PBXVariantGroup section */

/* Begin XCBuildConfiguration section */
		0F1A1A7A1A1A1A1A1A1A1A7A /* Release */ = {
			isa = XCBuildConfiguration;
			buildSettings = {
				ASSETCATALOG_COMPILER_APPICON_NAME = AppIcon;
				CLANG_ENABLE_OBJC_WEAK = YES;
				CODE_SIGN_IDENTITY = "Apple Development";
				CODE_SIGN_STYLE = Automatic;
				CURRENT_PROJECT_VERSION = 2;
				INFOPLIST_FILE = FormationFlow/Info.plist;
				INFOPLIST_KEY_CFBundleDisplayName = FormationFlow;
				INFOPLIST_KEY_LSApplicationCategoryType = "public.app-category.sports";
				IPHONEOS_DEPLOYMENT_TARGET = 17.0;
				MARKETING_VERSION = 1.0.0;
				PRODUCT_BUNDLE_IDENTIFIER = com.ianrichardson.formationflow;
				PRODUCT_NAME = "$(TARGET_NAME)";
				SDKROOT = iphoneos;
				SUPPORTED_PLATFORMS = "iphoneos iphonesimulator";
				SUPPORTS_MACCATALYST = YES;
				SWIFT_VERSION = 5.9;
				TARGETED_DEVICE_FAMILY = 2;
			};
			name = Release;
		};
		0F1A1AAAA1A1A1A1A1A1A1AA /* Release */ = {
			isa = XCBuildConfiguration;
			buildSettings = {
				ALWAYS_SEARCH_USER_PATHS = NO;
				ASSETCATALOG_COMPILER_GENERATE_SWIFT_ASSET_SYMBOL_EXTENSIONS = YES;
				CLANG_WARN_BLOCK_CAPTURE_AUTORELEASING = YES;
				CLANG_WARN_BOOL_CONVERSION = YES;
				CLANG_WARN_COMMA = YES;
				CLANG_WARN_CONSTANT_CONVERSION = YES;
				CLANG_WARN_DEPRECATED_OBJC_IMPLEMENTATIONS = YES;
				CLANG_WARN_EMPTY_BODY = YES;
				CLANG_WARN_ENUM_CONVERSION = YES;
				CLANG_WARN_INFINITE_RECURSION = YES;
				CLANG_WARN_INT_CONVERSION = YES;
				CLANG_WARN_NON_LITERAL_NULL_CONVERSION = YES;
				CLANG_WARN_OBJC_IMPLICIT_RETAIN_SELF = YES;
				CLANG_WARN_OBJC_LITERAL_CONVERSION = YES;
				CLANG_WARN_QUOTED_INCLUDE_IN_FRAMEWORK_HEADER = YES;
				CLANG_WARN_RANGE_LOOP_ANALYSIS = YES;
				CLANG_WARN_STRICT_PROTOTYPES = YES;
				CLANG_WARN_SUSPICIOUS_MOVE = YES;
				CLANG_WARN_UNREACHABLE_CODE = YES;
				CLANG_WARN__DUPLICATE_METHOD_MATCH = YES;
				DEVELOPMENT_TEAM = WC46K49VFA;
				ENABLE_STRICT_OBJC_MSGSEND = YES;
				ENABLE_USER_SCRIPT_SANDBOXING = YES;
				GCC_NO_COMMON_BLOCKS = YES;
				GCC_WARN_64_TO_32_BIT_CONVERSION = YES;
				GCC_WARN_ABOUT_RETURN_TYPE = YES;
				GCC_WARN_UNDECLARED_SELECTOR = YES;
				GCC_WARN_UNINITIALIZED_AUTOS = YES;
				GCC_WARN_UNUSED_FUNCTION = YES;
				GCC_WARN_UNUSED_VARIABLE = YES;
				IPHONEOS_DEPLOYMENT_TARGET = 17.0;
				SDKROOT = iphoneos;
				STRING_CATALOG_GENERATE_SYMBOLS = YES;
				SWIFT_COMPILATION_MODE = wholemodule;
				SWIFT_VERSION = 5.9;
			};
			name = Release;
		};
/* End XCBuildConfiguration section */

/* Begin XCConfigurationList section */
		0F1A1A4A1A1A1A1A1A1A1A4A /* Build configuration list for PBXNativeTarget "FormationFlow" */ = {
			isa = XCConfigurationList;
			buildConfigurations = (
				0F1A1A7A1A1A1A1A1A1A1A7A /* Release */,
			);
			defaultConfigurationIsVisible = 0;
			defaultConfigurationName = Release;
		};
		0F1A1A9A1A1A1A1A1A1A1A9A /* Build configuration list for PBXProject "FormationFlow" */ = {
			isa = XCConfigurationList;
			buildConfigurations = (
				0F1A1AAAA1A1A1A1A1A1A1AA /* Release */,
			);
			defaultConfigurationIsVisible = 0;
			defaultConfigurationName = Release;
		};
/* End XCConfigurationList section */
	};
	rootObject = 0F1A1A8A1A1A1A1A1A1A1A8A /* Project object */;
}
